
Microsoft Visual Studio Solution File, Format Version 12.00
# Visual Studio Version 16
VisualStudioVersion = 16.0.32413.511
MinimumVisualStudioVersion = 10.0.40219.1
Project("{FAE04EC0-301F-11D3-BF4B-00C04F79EFBC}") = "CanastaPresupuestoRaul", "CanastaPresupuestoRaul\CanastaPresupuestoRaul.csproj", "{C563FEE8-9A44-4C89-8213-76D40AF1AD94}"
EndProject
Global
	GlobalSection(SolutionConfigurationPlatforms) = preSolution
		Debug|Any CPU = Debug|Any CPU
		Release|Any CPU = Release|Any CPU
	EndGlobalSection
	GlobalSection(ProjectConfigurationPlatforms) = postSolution
		{C563FEE8-9A44-4C89-8213-76D40AF1AD94}.Debug|Any CPU.ActiveCfg = Debug|Any CPU
		{C563FEE8-9A44-4C89-8213-76D40AF1AD94}.Debug|Any CPU.Build.0 = Debug|Any CPU
		{C563FEE8-9A44-4C89-8213-76D40AF1AD94}.Debug|Any CPU.Deploy.0 = Debug|Any CPU
		{C563FEE8-9A44-4C89-8213-76D40AF1AD94}.Release|Any CPU.ActiveCfg = Release|Any CPU
		{C563FEE8-9A44-4C89-8213-76D40AF1AD94}.Release|Any CPU.Build.0 = Release|Any CPU
		{C563FEE8-9A44-4C89-8213-76D40AF1AD94}.Release|Any CPU.Deploy.0 = Release|Any CPU
	EndGlobalSection
	GlobalSection(SolutionProperties) = preSolution
		HideSolutionNode = FALSE
	EndGlobalSection
	GlobalSection(ExtensibilityGlobals) = postSolution
		SolutionGuid = {56CE3FD0-1938-4273-96C9-CEC31D0CE6DF}
	EndGlobalSection
EndGlobal
